[[package]]
name = "asgiref"
version = "3.3.4"
description = "ASGI specs, helper code, and adapters"
category = "main"
optional = false
python-versions = ">=3.6"

[package.dependencies]
typing-extensions = {version = "*", markers = "python_version < \"3.8\""}

[package.extras]
tests = ["pytest", "pytest-asyncio", "mypy (>=0.800)"]

[[package]]
name = "attrs"
version = "20.3.0"
description = "Classes Without Boilerplate"
category = "dev"
optional = false
python-versions = ">=2.7, !=3.0.*, !=3.1.*, !=3.2.*, !=3.3.*"

[package.extras]
dev = ["coverage[toml] (>=5.0.2)", "hypothesis", "pympler", "pytest (>=4.3.0)", "six", "zope.interface", "furo", "sphinx", "pre-commit"]
docs = ["furo", "sphinx", "zope.interface"]
tests = ["coverage[toml] (>=5.0.2)", "hypothesis", "pympler", "pytest (>=4.3.0)", "six", "zope.interface"]
tests_no_zope = ["coverage[toml] (>=5.0.2)", "hypothesis", "pympler", "pytest (>=4.3.0)", "six"]

[[package]]
name = "daemonize"
version = "2.5.0"
description = "Library to enable your code run as a daemon process on Unix-like systems."
category = "main"
optional = false
python-versions = "*"

[[package]]
name = "django"
version = "3.2"
description = "A high-level Python Web framework that encourages rapid development and clean, pragmatic design."
category = "main"
optional = false
python-versions = ">=3.6"

[package.dependencies]
asgiref = ">=3.3.2,<4"
pytz = "*"
sqlparse = ">=0.2.2"

[package.extras]
argon2 = ["argon2-cffi (>=19.1.0)"]
bcrypt = ["bcrypt"]

[[package]]
name = "fakeredis"
version = "1.5.0"
description = "Fake implementation of redis API for testing purposes."
category = "dev"
optional = false
python-versions = ">=3.5"

[package.dependencies]
redis = "<3.6.0"
six = ">=1.12"
sortedcontainers = "*"

[package.extras]
aioredis = ["aioredis"]
lua = ["lupa"]

[[package]]
name = "flake8"
version = "4.0.1"
description = "the modular source code checker: pep8 pyflakes and co"
category = "dev"
optional = false
python-versions = ">=3.6"

[package.dependencies]
importlib-metadata = {version = "<4.3", markers = "python_version < \"3.8\""}
mccabe = ">=0.6.0,<0.7.0"
pycodestyle = ">=2.8.0,<2.9.0"
pyflakes = ">=2.4.0,<2.5.0"

[[package]]
name = "flake8-bugbear"
version = "21.11.29"
description = "A plugin for flake8 finding likely bugs and design problems in your program. Contains warnings that don't belong in pyflakes and pycodestyle."
category = "dev"
optional = false
python-versions = ">=3.6"

[package.dependencies]
attrs = ">=19.2.0"
flake8 = ">=3.0.0"

[package.extras]
dev = ["coverage", "hypothesis", "hypothesmith (>=0.2)", "pre-commit"]

[[package]]
name = "flake8-builtins"
version = "1.5.3"
description = "Check for python builtins being used as variables or parameters."
category = "dev"
optional = false
python-versions = "*"

[package.dependencies]
flake8 = "*"

[package.extras]
test = ["coverage", "coveralls", "mock", "pytest", "pytest-cov"]

[[package]]
name = "flake8-coding"
version = "1.3.2"
description = "Adds coding magic comment checks to flake8"
category = "dev"
optional = false
python-versions = "*"

[package.dependencies]
flake8 = "*"

[[package]]
name = "flake8-commas"
version = "2.1.0"
description = "Flake8 lint for trailing commas."
category = "dev"
optional = false
python-versions = "*"

[package.dependencies]
flake8 = ">=2"

[[package]]
name = "flake8-comprehensions"
version = "3.7.0"
description = "A flake8 plugin to help you write better list/set/dict comprehensions."
category = "dev"
optional = false
python-versions = ">=3.6"

[package.dependencies]
flake8 = ">=3.0,<3.2.0 || >3.2.0,<5"
importlib-metadata = {version = "*", markers = "python_version < \"3.8\""}

[[package]]
name = "flake8-debugger"
version = "4.0.0"
description = "ipdb/pdb statement checker plugin for flake8"
category = "dev"
optional = false
python-versions = ">=3.6"

[package.dependencies]
flake8 = ">=3.0"
pycodestyle = "*"
six = "*"

[[package]]
name = "flake8-isort"
version = "4.1.1"
description = "flake8 plugin that integrates isort ."
category = "dev"
optional = false
python-versions = "*"

[package.dependencies]
flake8 = ">=3.2.1,<5"
isort = ">=4.3.5,<6"
testfixtures = ">=6.8.0,<7"

[package.extras]
test = ["pytest-cov"]

[[package]]
name = "flake8-mutable"
version = "1.2.0"
description = "mutable defaults flake8 extension"
category = "dev"
optional = false
python-versions = "*"

[package.dependencies]
flake8 = "*"

[[package]]
name = "flake8-pep3101"
version = "1.3.0"
description = "Checks for old string formatting."
category = "dev"
optional = false
python-versions = "*"

[package.dependencies]
flake8 = ">=3.0"

[package.extras]
test = ["pytest", "testfixtures"]

[[package]]
name = "flake8-tidy-imports"
version = "4.5.0"
description = "A flake8 plugin that helps you write tidier imports."
category = "dev"
optional = false
python-versions = ">=3.6"

[package.dependencies]
flake8 = ">=3.8.0,<5"
importlib-metadata = {version = "*", markers = "python_version < \"3.8\""}

[[package]]
name = "importlib-metadata"
version = "4.0.1"
description = "Read metadata from Python packages"
category = "dev"
optional = false
python-versions = ">=3.6"

[package.dependencies]
typing-extensions = {version = ">=3.6.4", markers = "python_version < \"3.8\""}
zipp = ">=0.5"

[package.extras]
docs = ["sphinx", "jaraco.packaging (>=8.2)", "rst.linker (>=1.9)"]
testing = ["pytest (>=4.6)", "pytest-checkdocs (>=2.4)", "pytest-flake8", "pytest-cov", "pytest-enabler (>=1.0.1)", "packaging", "pep517", "pyfakefs", "flufl.flake8", "pytest-black (>=0.3.7)", "pytest-mypy", "importlib-resources (>=1.3)"]

[[package]]
name = "isort"
version = "5.10.1"
description = "A Python utility / library to sort Python imports."
category = "dev"
optional = false
python-versions = ">=3.6.1,<4.0"

[package.extras]
pipfile_deprecated_finder = ["pipreqs", "requirementslib"]
requirements_deprecated_finder = ["pipreqs", "pip-api"]
colors = ["colorama (>=0.4.3,<0.5.0)"]
plugins = ["setuptools"]

[[package]]
name = "mccabe"
version = "0.6.1"
description = "McCabe checker, plugin for flake8"
category = "dev"
optional = false
python-versions = "*"

[[package]]
name = "mypy"
version = "0.910"
description = "Optional static typing for Python"
category = "dev"
optional = false
python-versions = ">=3.5"

[package.dependencies]
mypy-extensions = ">=0.4.3,<0.5.0"
toml = "*"
typed-ast = {version = ">=1.4.0,<1.5.0", markers = "python_version < \"3.8\""}
typing-extensions = ">=3.7.4"

[package.extras]
dmypy = ["psutil (>=4.0)"]
python2 = ["typed-ast (>=1.4.0,<1.5.0)"]

[[package]]
name = "mypy-extensions"
version = "0.4.3"
description = "Experimental type system extensions for programs checked with the mypy typechecker."
category = "dev"
optional = false
python-versions = "*"

[[package]]
name = "prometheus-client"
version = "0.10.1"
description = "Python client for the Prometheus monitoring system."
category = "main"
optional = false
python-versions = ">=2.7, !=3.0.*, !=3.1.*, !=3.2.*, !=3.3.*"

[package.extras]
twisted = ["twisted"]

[[package]]
name = "pycodestyle"
version = "2.8.0"
description = "Python style guide checker"
category = "dev"
optional = false
python-versions = ">=2.7, !=3.0.*, !=3.1.*, !=3.2.*, !=3.3.*, !=3.4.*"

[[package]]
name = "pyflakes"
version = "2.4.0"
description = "passive checker of Python programs"
category = "dev"
optional = false
python-versions = ">=2.7, !=3.0.*, !=3.1.*, !=3.2.*, !=3.3.*"

[[package]]
name = "pytz"
version = "2021.1"
description = "World timezone definitions, modern and historical"
category = "main"
optional = false
python-versions = "*"

[[package]]
name = "redis"
version = "3.5.3"
description = "Python client for Redis key-value store"
category = "main"
optional = false
python-versions = ">=2.7, !=3.0.*, !=3.1.*, !=3.2.*, !=3.3.*, !=3.4.*"

[package.extras]
hiredis = ["hiredis (>=0.1.3)"]

[[package]]
name = "six"
version = "1.15.0"
description = "Python 2 and 3 compatibility utilities"
category = "dev"
optional = false
python-versions = ">=2.7, !=3.0.*, !=3.1.*, !=3.2.*"

[[package]]
name = "sortedcontainers"
version = "2.3.0"
description = "Sorted Containers -- Sorted List, Sorted Dict, Sorted Set"
category = "dev"
optional = false
python-versions = "*"

[[package]]
name = "sqlparse"
version = "0.4.1"
description = "A non-validating SQL parser."
category = "main"
optional = false
python-versions = ">=3.5"

[[package]]
name = "testfixtures"
version = "6.17.1"
description = "A collection of helpers and mock objects for unit tests and doc tests."
category = "dev"
optional = false
python-versions = "*"

[package.extras]
build = ["setuptools-git", "wheel", "twine"]
docs = ["sphinx", "zope.component", "sybil", "twisted", "mock", "django (<2)", "django"]
test = ["pytest (>=3.6)", "pytest-cov", "pytest-django", "zope.component", "sybil", "twisted", "mock", "django (<2)", "django"]

[[package]]
name = "toml"
version = "0.10.2"
description = "Python Library for Tom's Obvious, Minimal Language"
category = "dev"
optional = false
python-versions = ">=2.6, !=3.0.*, !=3.1.*, !=3.2.*"

[[package]]
name = "tqdm"
version = "4.60.0"
description = "Fast, Extensible Progress Meter"
category = "main"
optional = true
python-versions = "!=3.0.*,!=3.1.*,!=3.2.*,!=3.3.*,>=2.7"

[package.extras]
dev = ["py-make (>=0.1.0)", "twine", "wheel"]
notebook = ["ipywidgets (>=6)"]
telegram = ["requests"]

[[package]]
name = "typed-ast"
version = "1.4.3"
description = "a fork of Python 2 and 3 ast modules with type comment support"
category = "dev"
optional = false
python-versions = "*"

[[package]]
name = "types-redis"
version = "4.0.3"
description = "Typing stubs for redis"
category = "dev"
optional = false
python-versions = "*"

[[package]]
name = "typing-extensions"
version = "3.7.4.3"
description = "Backported and Experimental Type Hints for Python 3.5+"
category = "main"
optional = false
python-versions = "*"

[[package]]
name = "zipp"
version = "3.4.1"
description = "Backport of pathlib-compatible object wrapper for zip files"
category = "dev"
optional = false
python-versions = ">=3.6"

[package.extras]
docs = ["sphinx", "jaraco.packaging (>=8.2)", "rst.linker (>=1.9)"]
testing = ["pytest (>=4.6)", "pytest-checkdocs (>=1.2.3)", "pytest-flake8", "pytest-cov", "pytest-enabler", "jaraco.itertools", "func-timeout", "pytest-black (>=0.3.7)", "pytest-mypy"]

[extras]
progress = ["tqdm"]
redis = ["redis"]

[metadata]
lock-version = "1.1"
python-versions = ">=3.6.1,<4"
content-hash = "8a97ac7f20164899c6cf6b7df16442692d526c24adb2c67c5d3178ecc1efb02e"

[metadata.files]
asgiref = [
    {file = "asgiref-3.3.4-py3-none-any.whl", hash = "sha256:92906c611ce6c967347bbfea733f13d6313901d54dcca88195eaeb52b2a8e8ee"},
    {file = "asgiref-3.3.4.tar.gz", hash = "sha256:d1216dfbdfb63826470995d31caed36225dcaf34f182e0fa257a4dd9e86f1b78"},
]
attrs = [
    {file = "attrs-20.3.0-py2.py3-none-any.whl", hash = "sha256:31b2eced602aa8423c2aea9c76a724617ed67cf9513173fd3a4f03e3a929c7e6"},
    {file = "attrs-20.3.0.tar.gz", hash = "sha256:832aa3cde19744e49938b91fea06d69ecb9e649c93ba974535d08ad92164f700"},
]
daemonize = [
    {file = "daemonize-2.5.0-py2.py3-none-any.whl", hash = "sha256:9b6b91311a9d934ff3f5f766666635ca280d3de8e7137e4cd7d3f052543b989f"},
    {file = "daemonize-2.5.0.tar.gz", hash = "sha256:dd026e4ff8d22cb016ed2130bc738b7d4b1da597ef93c074d2adb9e4dea08bc3"},
]
django = [
    {file = "Django-3.2-py3-none-any.whl", hash = "sha256:0604e84c4fb698a5e53e5857b5aea945b2f19a18f25f10b8748dbdf935788927"},
    {file = "Django-3.2.tar.gz", hash = "sha256:21f0f9643722675976004eb683c55d33c05486f94506672df3d6a141546f389d"},
]
fakeredis = [
    {file = "fakeredis-1.5.0-py3-none-any.whl", hash = "sha256:e0416e4941cecd3089b0d901e60c8dc3c944f6384f5e29e2261c0d3c5fa99669"},
    {file = "fakeredis-1.5.0.tar.gz", hash = "sha256:1ac0cef767c37f51718874a33afb5413e69d132988cb6a80c6e6dbeddf8c7623"},
]
flake8 = [
    {file = "flake8-4.0.1-py2.py3-none-any.whl", hash = "sha256:479b1304f72536a55948cb40a32dce8bb0ffe3501e26eaf292c7e60eb5e0428d"},
    {file = "flake8-4.0.1.tar.gz", hash = "sha256:806e034dda44114815e23c16ef92f95c91e4c71100ff52813adf7132a6ad870d"},
]
flake8-bugbear = [
    {file = "flake8-bugbear-21.11.29.tar.gz", hash = "sha256:8b04cb2fafc6a78e1a9d873bd3988e4282f7959bb6b0d7c1ae648ec09b937a7b"},
    {file = "flake8_bugbear-21.11.29-py36.py37.py38-none-any.whl", hash = "sha256:179e41ddae5de5e3c20d1f61736feeb234e70958fbb56ab3c28a67739c8e9a82"},
]
flake8-builtins = [
    {file = "flake8-builtins-1.5.3.tar.gz", hash = "sha256:09998853b2405e98e61d2ff3027c47033adbdc17f9fe44ca58443d876eb00f3b"},
    {file = "flake8_builtins-1.5.3-py2.py3-none-any.whl", hash = "sha256:7706babee43879320376861897e5d1468e396a40b8918ed7bccf70e5f90b8687"},
]
flake8-coding = [
    {file = "flake8-coding-1.3.2.tar.gz", hash = "sha256:b8f4d5157a8f74670e6cfea732c3d9f4291a4e994c8701d2c55f787c6e6cb741"},
    {file = "flake8_coding-1.3.2-py2.py3-none-any.whl", hash = "sha256:79704112c44d09d4ab6c8965e76a20c3f7073d52146db60303bce777d9612260"},
]
flake8-commas = [
    {file = "flake8-commas-2.1.0.tar.gz", hash = "sha256:940441ab8ee544df564ae3b3f49f20462d75d5c7cac2463e0b27436e2050f263"},
    {file = "flake8_commas-2.1.0-py2.py3-none-any.whl", hash = "sha256:ebb96c31e01d0ef1d0685a21f3f0e2f8153a0381430e748bf0bbbb5d5b453d54"},
]
flake8-comprehensions = [
    {file = "flake8-comprehensions-3.7.0.tar.gz", hash = "sha256:6b3218b2dde8ac5959c6476cde8f41a79e823c22feb656be2710cd2a3232cef9"},
    {file = "flake8_comprehensions-3.7.0-py3-none-any.whl", hash = "sha256:a5d7aea6315bbbd6fbcb2b4e80bff6a54d1600155e26236e555d0c6fe1d62522"},
]
flake8-debugger = [
    {file = "flake8-debugger-4.0.0.tar.gz", hash = "sha256:e43dc777f7db1481db473210101ec2df2bd39a45b149d7218a618e954177eda6"},
    {file = "flake8_debugger-4.0.0-py3-none-any.whl", hash = "sha256:82e64faa72e18d1bdd0000407502ebb8ecffa7bc027c62b9d4110ce27c091032"},
]
flake8-isort = [
    {file = "flake8-isort-4.1.1.tar.gz", hash = "sha256:d814304ab70e6e58859bc5c3e221e2e6e71c958e7005239202fee19c24f82717"},
    {file = "flake8_isort-4.1.1-py3-none-any.whl", hash = "sha256:c4e8b6dcb7be9b71a02e6e5d4196cefcef0f3447be51e82730fb336fff164949"},
]
flake8-mutable = [
    {file = "flake8-mutable-1.2.0.tar.gz", hash = "sha256:ee9b77111b867d845177bbc289d87d541445ffcc6029a0c5c65865b42b18c6a6"},
    {file = "flake8_mutable-1.2.0-py2-none-any.whl", hash = "sha256:38fd9dadcbcda6550a916197bc40ed76908119dabb37fbcca30873666c31d2d5"},
]
flake8-pep3101 = [
    {file = "flake8-pep3101-1.3.0.tar.gz", hash = "sha256:86e3eb4e42de8326dcd98ebdeaf9a3c6854203a48f34aeb3e7e8ed948107f512"},
    {file = "flake8_pep3101-1.3.0-py2.py3-none-any.whl", hash = "sha256:a5dae1caca1243b2b40108dce926d97cf5a9f52515c4a4cbb1ffe1ca0c54e343"},
]
flake8-tidy-imports = [
    {file = "flake8-tidy-imports-4.5.0.tar.gz", hash = "sha256:ac637961d0f319012d099e49619f8c928e3221f74e00fe6eb89513bc64c40adb"},
    {file = "flake8_tidy_imports-4.5.0-py3-none-any.whl", hash = "sha256:87eed94ae6a2fda6a5918d109746feadf1311e0eb8274ab7a7920f6db00a41c9"},
]
importlib-metadata = [
    {file = "importlib_metadata-4.0.1-py3-none-any.whl", hash = "sha256:d7eb1dea6d6a6086f8be21784cc9e3bcfa55872b52309bc5fad53a8ea444465d"},
    {file = "importlib_metadata-4.0.1.tar.gz", hash = "sha256:8c501196e49fb9df5df43833bdb1e4328f64847763ec8a50703148b73784d581"},
]
isort = [
    {file = "isort-5.10.1-py3-none-any.whl", hash = "sha256:6f62d78e2f89b4500b080fe3a81690850cd254227f27f75c3a0c491a1f351ba7"},
    {file = "isort-5.10.1.tar.gz", hash = "sha256:e8443a5e7a020e9d7f97f1d7d9cd17c88bcb3bc7e218bf9cf5095fe550be2951"},
]
mccabe = [
    {file = "mccabe-0.6.1-py2.py3-none-any.whl", hash = "sha256:ab8a6258860da4b6677da4bd2fe5dc2c659cff31b3ee4f7f5d64e79735b80d42"},
    {file = "mccabe-0.6.1.tar.gz", hash = "sha256:dd8d182285a0fe56bace7f45b5e7d1a6ebcbf524e8f3bd87eb0f125271b8831f"},
]
mypy = [
    {file = "mypy-0.910-cp35-cp35m-macosx_10_9_x86_64.whl", hash = "sha256:a155d80ea6cee511a3694b108c4494a39f42de11ee4e61e72bc424c490e46457"},
    {file = "mypy-0.910-cp35-cp35m-manylinux1_x86_64.whl", hash = "sha256:b94e4b785e304a04ea0828759172a15add27088520dc7e49ceade7834275bedb"},
    {file = "mypy-0.910-cp35-cp35m-manylinux2010_x86_64.whl", hash = "sha256:088cd9c7904b4ad80bec811053272986611b84221835e079be5bcad029e79dd9"},
    {file = "mypy-0.910-cp35-cp35m-win_amd64.whl", hash = "sha256:adaeee09bfde366d2c13fe6093a7df5df83c9a2ba98638c7d76b010694db760e"},
    {file = "mypy-0.910-cp36-cp36m-macosx_10_9_x86_64.whl", hash = "sha256:ecd2c3fe726758037234c93df7e98deb257fd15c24c9180dacf1ef829da5f921"},
    {file = "mypy-0.910-cp36-cp36m-manylinux1_x86_64.whl", hash = "sha256:d9dd839eb0dc1bbe866a288ba3c1afc33a202015d2ad83b31e875b5905a079b6"},
    {file = "mypy-0.910-cp36-cp36m-manylinux2010_x86_64.whl", hash = "sha256:3e382b29f8e0ccf19a2df2b29a167591245df90c0b5a2542249873b5c1d78212"},
    {file = "mypy-0.910-cp36-cp36m-win_amd64.whl", hash = "sha256:53fd2eb27a8ee2892614370896956af2ff61254c275aaee4c230ae771cadd885"},
    {file = "mypy-0.910-cp37-cp37m-macosx_10_9_x86_64.whl", hash = "sha256:b6fb13123aeef4a3abbcfd7e71773ff3ff1526a7d3dc538f3929a49b42be03f0"},
    {file = "mypy-0.910-cp37-cp37m-manylinux1_x86_64.whl", hash = "sha256:e4dab234478e3bd3ce83bac4193b2ecd9cf94e720ddd95ce69840273bf44f6de"},
    {file = "mypy-0.910-cp37-cp37m-manylinux2010_x86_64.whl", hash = "sha256:7df1ead20c81371ccd6091fa3e2878559b5c4d4caadaf1a484cf88d93ca06703"},
    {file = "mypy-0.910-cp37-cp37m-win_amd64.whl", hash = "sha256:0aadfb2d3935988ec3815952e44058a3100499f5be5b28c34ac9d79f002a4a9a"},
    {file = "mypy-0.910-cp38-cp38-macosx_10_9_x86_64.whl", hash = "sha256:ec4e0cd079db280b6bdabdc807047ff3e199f334050db5cbb91ba3e959a67504"},
    {file = "mypy-0.910-cp38-cp38-manylinux1_x86_64.whl", hash = "sha256:119bed3832d961f3a880787bf621634ba042cb8dc850a7429f643508eeac97b9"},
    {file = "mypy-0.910-cp38-cp38-manylinux2010_x86_64.whl", hash = "sha256:866c41f28cee548475f146aa4d39a51cf3b6a84246969f3759cb3e9c742fc072"},
    {file = "mypy-0.910-cp38-cp38-win_amd64.whl", hash = "sha256:ceb6e0a6e27fb364fb3853389607cf7eb3a126ad335790fa1e14ed02fba50811"},
    {file = "mypy-0.910-cp39-cp39-macosx_10_9_x86_64.whl", hash = "sha256:1a85e280d4d217150ce8cb1a6dddffd14e753a4e0c3cf90baabb32cefa41b59e"},
    {file = "mypy-0.910-cp39-cp39-macosx_11_0_arm64.whl", hash = "sha256:42c266ced41b65ed40a282c575705325fa7991af370036d3f134518336636f5b"},
    {file = "mypy-0.910-cp39-cp39-manylinux1_x86_64.whl", hash = "sha256:3c4b8ca36877fc75339253721f69603a9c7fdb5d4d5a95a1a1b899d8b86a4de2"},
    {file = "mypy-0.910-cp39-cp39-manylinux2010_x86_64.whl", hash = "sha256:c0df2d30ed496a08de5daed2a9ea807d07c21ae0ab23acf541ab88c24b26ab97"},
    {file = "mypy-0.910-cp39-cp39-win_amd64.whl", hash = "sha256:c6c2602dffb74867498f86e6129fd52a2770c48b7cd3ece77ada4fa38f94eba8"},
    {file = "mypy-0.910-py3-none-any.whl", hash = "sha256:ef565033fa5a958e62796867b1df10c40263ea9ded87164d67572834e57a174d"},
    {file = "mypy-0.910.tar.gz", hash = "sha256:704098302473cb31a218f1775a873b376b30b4c18229421e9e9dc8916fd16150"},
]
mypy-extensions = [
    {file = "mypy_extensions-0.4.3-py2.py3-none-any.whl", hash = "sha256:090fedd75945a69ae91ce1303b5824f428daf5a028d2f6ab8a299250a846f15d"},
    {file = "mypy_extensions-0.4.3.tar.gz", hash = "sha256:2d82818f5bb3e369420cb3c4060a7970edba416647068eb4c5343488a6c604a8"},
]
prometheus-client = [
    {file = "prometheus_client-0.10.1-py2.py3-none-any.whl", hash = "sha256:030e4f9df5f53db2292eec37c6255957eb76168c6f974e4176c711cf91ed34aa"},
    {file = "prometheus_client-0.10.1.tar.gz", hash = "sha256:b6c5a9643e3545bcbfd9451766cbaa5d9c67e7303c7bc32c750b6fa70ecb107d"},
]
pycodestyle = [
    {file = "pycodestyle-2.8.0-py2.py3-none-any.whl", hash = "sha256:720f8b39dde8b293825e7ff02c475f3077124006db4f440dcbc9a20b76548a20"},
    {file = "pycodestyle-2.8.0.tar.gz", hash = "sha256:eddd5847ef438ea1c7870ca7eb78a9d47ce0cdb4851a5523949f2601d0cbbe7f"},
]
pyflakes = [
    {file = "pyflakes-2.4.0-py2.py3-none-any.whl", hash = "sha256:3bb3a3f256f4b7968c9c788781e4ff07dce46bdf12339dcda61053375426ee2e"},
    {file = "pyflakes-2.4.0.tar.gz", hash = "sha256:05a85c2872edf37a4ed30b0cce2f6093e1d0581f8c19d7393122da7e25b2b24c"},
]
pytz = [
    {file = "pytz-2021.1-py2.py3-none-any.whl", hash = "sha256:eb10ce3e7736052ed3623d49975ce333bcd712c7bb19a58b9e2089d4057d0798"},
    {file = "pytz-2021.1.tar.gz", hash = "sha256:83a4a90894bf38e243cf052c8b58f381bfe9a7a483f6a9cab140bc7f702ac4da"},
]
redis = [
    {file = "redis-3.5.3-py2.py3-none-any.whl", hash = "sha256:432b788c4530cfe16d8d943a09d40ca6c16149727e4afe8c2c9d5580c59d9f24"},
    {file = "redis-3.5.3.tar.gz", hash = "sha256:0e7e0cfca8660dea8b7d5cd8c4f6c5e29e11f31158c0b0ae91a397f00e5a05a2"},
]
six = [
    {file = "six-1.15.0-py2.py3-none-any.whl", hash = "sha256:8b74bedcbbbaca38ff6d7491d76f2b06b3592611af620f8426e82dddb04a5ced"},
    {file = "six-1.15.0.tar.gz", hash = "sha256:30639c035cdb23534cd4aa2dd52c3bf48f06e5f4a941509c8bafd8ce11080259"},
]
sortedcontainers = [
    {file = "sortedcontainers-2.3.0-py2.py3-none-any.whl", hash = "sha256:37257a32add0a3ee490bb170b599e93095eed89a55da91fa9f48753ea12fd73f"},
    {file = "sortedcontainers-2.3.0.tar.gz", hash = "sha256:59cc937650cf60d677c16775597c89a960658a09cf7c1a668f86e1e4464b10a1"},
]
sqlparse = [
    {file = "sqlparse-0.4.1-py3-none-any.whl", hash = "sha256:017cde379adbd6a1f15a61873f43e8274179378e95ef3fede90b5aa64d304ed0"},
    {file = "sqlparse-0.4.1.tar.gz", hash = "sha256:0f91fd2e829c44362cbcfab3e9ae12e22badaa8a29ad5ff599f9ec109f0454e8"},
]
testfixtures = [
    {file = "testfixtures-6.17.1-py2.py3-none-any.whl", hash = "sha256:9ed31e83f59619e2fa17df053b241e16e0608f4580f7b5a9333a0c9bdcc99137"},
    {file = "testfixtures-6.17.1.tar.gz", hash = "sha256:5ec3a0dd6f71cc4c304fbc024a10cc293d3e0b852c868014b9f233203e149bda"},
]
toml = [
    {file = "toml-0.10.2-py2.py3-none-any.whl", hash = "sha256:806143ae5bfb6a3c6e736a764057db0e6a0e05e338b5630894a5f779cabb4f9b"},
    {file = "toml-0.10.2.tar.gz", hash = "sha256:b3bda1d108d5dd99f4a20d24d9c348e91c4db7ab1b749200bded2f839ccbe68f"},
]
tqdm = [
    {file = "tqdm-4.60.0-py2.py3-none-any.whl", hash = "sha256:daec693491c52e9498632dfbe9ccfc4882a557f5fa08982db1b4d3adbe0887c3"},
    {file = "tqdm-4.60.0.tar.gz", hash = "sha256:ebdebdb95e3477ceea267decfc0784859aa3df3e27e22d23b83e9b272bf157ae"},
]
typed-ast = [
    {file = "typed_ast-1.4.3-cp35-cp35m-manylinux1_i686.whl", hash = "sha256:2068531575a125b87a41802130fa7e29f26c09a2833fea68d9a40cf33902eba6"},
    {file = "typed_ast-1.4.3-cp35-cp35m-manylinux1_x86_64.whl", hash = "sha256:c907f561b1e83e93fad565bac5ba9c22d96a54e7ea0267c708bffe863cbe4075"},
    {file = "typed_ast-1.4.3-cp35-cp35m-manylinux2014_aarch64.whl", hash = "sha256:1b3ead4a96c9101bef08f9f7d1217c096f31667617b58de957f690c92378b528"},
    {file = "typed_ast-1.4.3-cp35-cp35m-win32.whl", hash = "sha256:dde816ca9dac1d9c01dd504ea5967821606f02e510438120091b84e852367428"},
    {file = "typed_ast-1.4.3-cp35-cp35m-win_amd64.whl", hash = "sha256:777a26c84bea6cd934422ac2e3b78863a37017618b6e5c08f92ef69853e765d3"},
    {file = "typed_ast-1.4.3-cp36-cp36m-macosx_10_9_x86_64.whl", hash = "sha256:f8afcf15cc511ada719a88e013cec87c11aff7b91f019295eb4530f96fe5ef2f"},
    {file = "typed_ast-1.4.3-cp36-cp36m-manylinux1_i686.whl", hash = "sha256:52b1eb8c83f178ab787f3a4283f68258525f8d70f778a2f6dd54d3b5e5fb4341"},
    {file = "typed_ast-1.4.3-cp36-cp36m-manylinux1_x86_64.whl", hash = "sha256:01ae5f73431d21eead5015997ab41afa53aa1fbe252f9da060be5dad2c730ace"},
    {file = "typed_ast-1.4.3-cp36-cp36m-manylinux2014_aarch64.whl", hash = "sha256:c190f0899e9f9f8b6b7863debfb739abcb21a5c054f911ca3596d12b8a4c4c7f"},
    {file = "typed_ast-1.4.3-cp36-cp36m-win32.whl", hash = "sha256:398e44cd480f4d2b7ee8d98385ca104e35c81525dd98c519acff1b79bdaac363"},
    {file = "typed_ast-1.4.3-cp36-cp36m-win_amd64.whl", hash = "sha256:bff6ad71c81b3bba8fa35f0f1921fb24ff4476235a6e94a26ada2e54370e6da7"},
    {file = "typed_ast-1.4.3-cp37-cp37m-macosx_10_9_x86_64.whl", hash = "sha256:0fb71b8c643187d7492c1f8352f2c15b4c4af3f6338f21681d3681b3dc31a266"},
    {file = "typed_ast-1.4.3-cp37-cp37m-manylinux1_i686.whl", hash = "sha256:760ad187b1041a154f0e4d0f6aae3e40fdb51d6de16e5c99aedadd9246450e9e"},
    {file = "typed_ast-1.4.3-cp37-cp37m-manylinux1_x86_64.whl", hash = "sha256:5feca99c17af94057417d744607b82dd0a664fd5e4ca98061480fd8b14b18d04"},
    {file = "typed_ast-1.4.3-cp37-cp37m-manylinux2014_aarch64.whl", hash = "sha256:95431a26309a21874005845c21118c83991c63ea800dd44843e42a916aec5899"},
    {file = "typed_ast-1.4.3-cp37-cp37m-win32.whl", hash = "sha256:aee0c1256be6c07bd3e1263ff920c325b59849dc95392a05f258bb9b259cf39c"},
    {file = "typed_ast-1.4.3-cp37-cp37m-win_amd64.whl", hash = "sha256:9ad2c92ec681e02baf81fdfa056fe0d818645efa9af1f1cd5fd6f1bd2bdfd805"},
    {file = "typed_ast-1.4.3-cp38-cp38-macosx_10_9_x86_64.whl", hash = "sha256:b36b4f3920103a25e1d5d024d155c504080959582b928e91cb608a65c3a49e1a"},
    {file = "typed_ast-1.4.3-cp38-cp38-manylinux1_i686.whl", hash = "sha256:067a74454df670dcaa4e59349a2e5c81e567d8d65458d480a5b3dfecec08c5ff"},
    {file = "typed_ast-1.4.3-cp38-cp38-manylinux1_x86_64.whl", hash = "sha256:7538e495704e2ccda9b234b82423a4038f324f3a10c43bc088a1636180f11a41"},
    {file = "typed_ast-1.4.3-cp38-cp38-manylinux2014_aarch64.whl", hash = "sha256:af3d4a73793725138d6b334d9d247ce7e5f084d96284ed23f22ee626a7b88e39"},
    {file = "typed_ast-1.4.3-cp38-cp38-win32.whl", hash = "sha256:f2362f3cb0f3172c42938946dbc5b7843c2a28aec307c49100c8b38764eb6927"},
    {file = "typed_ast-1.4.3-cp38-cp38-win_amd64.whl", hash = "sha256:dd4a21253f42b8d2b48410cb31fe501d32f8b9fbeb1f55063ad102fe9c425e40"},
    {file = "typed_ast-1.4.3-cp39-cp39-macosx_10_9_x86_64.whl", hash = "sha256:f328adcfebed9f11301eaedfa48e15bdece9b519fb27e6a8c01aa52a17ec31b3"},
    {file = "typed_ast-1.4.3-cp39-cp39-manylinux1_i686.whl", hash = "sha256:2c726c276d09fc5c414693a2de063f521052d9ea7c240ce553316f70656c84d4"},
    {file = "typed_ast-1.4.3-cp39-cp39-manylinux1_x86_64.whl", hash = "sha256:cae53c389825d3b46fb37538441f75d6aecc4174f615d048321b716df2757fb0"},
    {file = "typed_ast-1.4.3-cp39-cp39-manylinux2014_aarch64.whl", hash = "sha256:b9574c6f03f685070d859e75c7f9eeca02d6933273b5e69572e5ff9d5e3931c3"},
    {file = "typed_ast-1.4.3-cp39-cp39-win32.whl", hash = "sha256:209596a4ec71d990d71d5e0d312ac935d86930e6eecff6ccc7007fe54d703808"},
    {file = "typed_ast-1.4.3-cp39-cp39-win_amd64.whl", hash = "sha256:9c6d1a54552b5330bc657b7ef0eae25d00ba7ffe85d9ea8ae6540d2197a3788c"},
    {file = "typed_ast-1.4.3.tar.gz", hash = "sha256:fb1bbeac803adea29cedd70781399c99138358c26d05fcbd23c13016b7f5ec65"},
]
types-redis = [
    {file = "types-redis-4.0.3.tar.gz", hash = "sha256:c7a99bdfea2e4fdf57952159614d85f0d08991007f0666dfa3c4220c3baa8fba"},
    {file = "types_redis-4.0.3-py3-none-any.whl", hash = "sha256:0c980f5df48610b0933cfe914c75e7c7eed8cf10025c47391a016b844145233a"},
]
typing-extensions = [
    {file = "typing_extensions-3.7.4.3-py2-none-any.whl", hash = "sha256:dafc7639cde7f1b6e1acc0f457842a83e722ccca8eef5270af2d74792619a89f"},
    {file = "typing_extensions-3.7.4.3-py3-none-any.whl", hash = "sha256:7cb407020f00f7bfc3cb3e7881628838e69d8f3fcab2f64742a5e76b2f841918"},
    {file = "typing_extensions-3.7.4.3.tar.gz", hash = "sha256:99d4073b617d30288f569d3f13d2bd7548c3a7e4c8de87db09a9d29bb3a4a60c"},
]
zipp = [
    {file = "zipp-3.4.1-py3-none-any.whl", hash = "sha256:51cb66cc54621609dd593d1787f286ee42a5c0adbb4b29abea5a63edc3e03098"},
    {file = "zipp-3.4.1.tar.gz", hash = "sha256:3607921face881ba3e026887d8150cca609d517579abe052ac81fc5aeffdbd76"},
]
